
Microsoft Visual Studio Solution File, Format Version 12.00
# Visual Studio Version 16
VisualStudioVersion = 16.0.31729.503
MinimumVisualStudioVersion = 10.0.40219.1
Project("{FAE04EC0-301F-11D3-BF4B-00C04F79EFBC}") = "BookStore", "BookStore\BookStore.csproj", "{3F56249D-085D-4FD0-BE06-E1B0D50978A0}"
EndProject
Global
	GlobalSection(SolutionConfigurationPlatforms) = preSolution
		Debug|Any CPU = Debug|Any CPU
		Release|Any CPU = Release|Any CPU
	EndGlobalSection
	GlobalSection(ProjectConfigurationPlatforms) = postSolution
		{3F56249D-085D-4FD0-BE06-E1B0D50978A0}.Debug|Any CPU.ActiveCfg = Debug|Any CPU
		{3F56249D-085D-4FD0-BE06-E1B0D50978A0}.Debug|Any CPU.Build.0 = Debug|Any CPU
		{3F56249D-085D-4FD0-BE06-E1B0D50978A0}.Release|Any CPU.ActiveCfg = Release|Any CPU
		{3F56249D-085D-4FD0-BE06-E1B0D50978A0}.Release|Any CPU.Build.0 = Release|Any CPU
	EndGlobalSection
	GlobalSection(SolutionProperties) = preSolution
		HideSolutionNode = FALSE
	EndGlobalSection
	GlobalSection(ExtensibilityGlobals) = postSolution
		SolutionGuid = {289E61B4-0F92-4020-8B8D-D73BAFFF3FF0}
	EndGlobalSection
EndGlobal
